Microsoft Visual Studio Solution File, Format Version 12.00
# Visual Studio Version 17
VisualStudioVersion = 17.5.2.0
MinimumVisualStudioVersion = 10.0.40219.1
Project("{FAE04EC0-301F-11D3-BF4B-00C04F79EFBC}") = "RealtyHub", "RealtyHub.csproj", "{EFBF1AFB-7260-0144-A7EF-3C55D425377C}"
EndProject
Global
	GlobalSection(SolutionConfigurationPlatforms) = preSolution
		Debug|Any CPU = Debug|Any CPU
		Release|Any CPU = Release|Any CPU
	EndGlobalSection
	GlobalSection(ProjectConfigurationPlatforms) = postSolution
		{EFBF1AFB-7260-0144-A7EF-3C55D425377C}.Debug|Any CPU.ActiveCfg = Debug|Any CPU
		{EFBF1AFB-7260-0144-A7EF-3C55D425377C}.Debug|Any CPU.Build.0 = Debug|Any CPU
		{EFBF1AFB-7260-0144-A7EF-3C55D425377C}.Release|Any CPU.ActiveCfg = Release|Any CPU
		{EFBF1AFB-7260-0144-A7EF-3C55D425377C}.Release|Any CPU.Build.0 = Release|Any CPU
	EndGlobalSection
	GlobalSection(SolutionProperties) = preSolution
		HideSolutionNode = FALSE
	EndGlobalSection
	GlobalSection(ExtensibilityGlobals) = postSolution
		SolutionGuid = {10E2A0F5-CACE-43B8-A4EF-E6BA83A305D8}
	EndGlobalSection
EndGlobal
